
Microsoft Visual Studio Solution File, Format Version 12.00
# Visual Studio Version 17
VisualStudioVersion = 17.9.34728.123
MinimumVisualStudioVersion = 10.0.40219.1
Project("{FAE04EC0-301F-11D3-BF4B-00C04F79EFBC}") = "Fdc_alarm", "Fdc_alarm.csproj", "{F52FAC5F-06F2-450F-9345-69A9BC9CFD7B}"
EndProject
Global
	GlobalSection(SolutionConfigurationPlatforms) = preSolution
		Debug|Any CPU = Debug|Any CPU
		Release|Any CPU = Release|Any CPU
	EndGlobalSection
	GlobalSection(ProjectConfigurationPlatforms) = postSolution
		{F52FAC5F-06F2-450F-9345-69A9BC9CFD7B}.Debug|Any CPU.ActiveCfg = Debug|Any CPU
		{F52FAC5F-06F2-450F-9345-69A9BC9CFD7B}.Debug|Any CPU.Build.0 = Debug|Any CPU
		{F52FAC5F-06F2-450F-9345-69A9BC9CFD7B}.Release|Any CPU.ActiveCfg = Release|Any CPU
		{F52FAC5F-06F2-450F-9345-69A9BC9CFD7B}.Release|Any CPU.Build.0 = Release|Any CPU
	EndGlobalSection
	GlobalSection(SolutionProperties) = preSolution
		HideSolutionNode = FALSE
	EndGlobalSection
	GlobalSection(ExtensibilityGlobals) = postSolution
		SolutionGuid = {36D5C4DA-F113-4ABA-9210-EC2AD5F056D8}
	EndGlobalSection
EndGlobal
